
Microsoft Visual Studio Solution File, Format Version 12.00
# Visual Studio 15
VisualStudioVersion = 15.0.26430.14
MinimumVisualStudioVersion = 10.0.40219.1
Project("{FAE04EC0-301F-11D3-BF4B-00C04F79EFBC}") = "FacadeCreator", "FacadeCreator\FacadeCreator.csproj", "{D9C4742B-4659-4DF5-9911-81C9E693BEA5}"
EndProject
Project("{FAE04EC0-301F-11D3-BF4B-00C04F79EFBC}") = "FacadeCreatorApi", "FacadeCreatorApi\FacadeCreatorApi.csproj", "{B6CC5E3A-107C-40ED-BA12-7B827866ADC9}"
EndProject
Global
	GlobalSection(SolutionConfigurationPlatforms) = preSolution
		Debug|Any CPU = Debug|Any CPU
		Release|Any CPU = Release|Any CPU
	EndGlobalSection
	GlobalSection(ProjectConfigurationPlatforms) = postSolution
		{D9C4742B-4659-4DF5-9911-81C9E693BEA5}.Debug|Any CPU.ActiveCfg = Debug|Any CPU
		{D9C4742B-4659-4DF5-9911-81C9E693BEA5}.Debug|Any CPU.Build.0 = Debug|Any CPU
		{D9C4742B-4659-4DF5-9911-81C9E693BEA5}.Release|Any CPU.ActiveCfg = Release|Any CPU
		{D9C4742B-4659-4DF5-9911-81C9E693BEA5}.Release|Any CPU.Build.0 = Release|Any CPU
		{B6CC5E3A-107C-40ED-BA12-7B827866ADC9}.Debug|Any CPU.ActiveCfg = Debug|Any CPU
		{B6CC5E3A-107C-40ED-BA12-7B827866ADC9}.Debug|Any CPU.Build.0 = Debug|Any CPU
		{B6CC5E3A-107C-40ED-BA12-7B827866ADC9}.Release|Any CPU.ActiveCfg = Release|Any CPU
		{B6CC5E3A-107C-40ED-BA12-7B827866ADC9}.Release|Any CPU.Build.0 = Release|Any CPU
	EndGlobalSection
	GlobalSection(SolutionProperties) = preSolution
		HideSolutionNode = FALSE
	EndGlobalSection
EndGlobal
